
Microsoft Visual Studio Solution File, Format Version 11.00
# Visual Web Developer Express 2010
Project("{FAE04EC0-301F-11D3-BF4B-00C04F79EFBC}") = "KanaDoIT", "KanaDoIT\KanaDoIT.csproj", "{61CDD108-4B50-421A-8CB1-F9C9ECCF28DB}"
	ProjectSection(ProjectDependencies) = postProject
		{074EE1AC-38F2-4157-B533-6E76A3E88F17} = {074EE1AC-38F2-4157-B533-6E76A3E88F17}
	EndProjectSection
EndProject
Project("{FAE04EC0-301F-11D3-BF4B-00C04F79EFBC}") = "KanaDoIT.Web", "KanaDoIT.Web\KanaDoIT.Web.csproj", "{074EE1AC-38F2-4157-B533-6E76A3E88F17}"
EndProject
Project("{FAE04EC0-301F-11D3-BF4B-00C04F79EFBC}") = "Clock", "Clock\Clock.csproj", "{31EB0DB1-15D9-4B87-A489-1404521F4821}"
EndProject
Project("{FAE04EC0-301F-11D3-BF4B-00C04F79EFBC}") = "Kanaboard", "Kanaboard\Kanaboard.csproj", "{5CBA5A2B-A751-4AED-B13D-1E32F2691000}"
EndProject
Project("{FAE04EC0-301F-11D3-BF4B-00C04F79EFBC}") = "BaseResources", "BaseResources\BaseResources.csproj", "{9A9A2A51-FD16-4325-8D2D-5084111D92E2}"
EndProject
Global
	GlobalSection(SolutionConfigurationPlatforms) = preSolution
		Debug|Any CPU = Debug|Any CPU
		Release|Any CPU = Release|Any CPU
	EndGlobalSection
	GlobalSection(ProjectConfigurationPlatforms) = postSolution
		{61CDD108-4B50-421A-8CB1-F9C9ECCF28DB}.Debug|Any CPU.ActiveCfg = Debug|Any CPU
		{61CDD108-4B50-421A-8CB1-F9C9ECCF28DB}.Debug|Any CPU.Build.0 = Debug|Any CPU
		{61CDD108-4B50-421A-8CB1-F9C9ECCF28DB}.Release|Any CPU.ActiveCfg = Release|Any CPU
		{61CDD108-4B50-421A-8CB1-F9C9ECCF28DB}.Release|Any CPU.Build.0 = Release|Any CPU
		{074EE1AC-38F2-4157-B533-6E76A3E88F17}.Debug|Any CPU.ActiveCfg = Debug|Any CPU
		{074EE1AC-38F2-4157-B533-6E76A3E88F17}.Debug|Any CPU.Build.0 = Debug|Any CPU
		{074EE1AC-38F2-4157-B533-6E76A3E88F17}.Release|Any CPU.ActiveCfg = Release|Any CPU
		{074EE1AC-38F2-4157-B533-6E76A3E88F17}.Release|Any CPU.Build.0 = Release|Any CPU
		{31EB0DB1-15D9-4B87-A489-1404521F4821}.Debug|Any CPU.ActiveCfg = Debug|Any CPU
		{31EB0DB1-15D9-4B87-A489-1404521F4821}.Debug|Any CPU.Build.0 = Debug|Any CPU
		{31EB0DB1-15D9-4B87-A489-1404521F4821}.Release|Any CPU.ActiveCfg = Release|Any CPU
		{31EB0DB1-15D9-4B87-A489-1404521F4821}.Release|Any CPU.Build.0 = Release|Any CPU
		{5CBA5A2B-A751-4AED-B13D-1E32F2691000}.Debug|Any CPU.ActiveCfg = Debug|Any CPU
		{5CBA5A2B-A751-4AED-B13D-1E32F2691000}.Debug|Any CPU.Build.0 = Debug|Any CPU
		{5CBA5A2B-A751-4AED-B13D-1E32F2691000}.Release|Any CPU.ActiveCfg = Release|Any CPU
		{5CBA5A2B-A751-4AED-B13D-1E32F2691000}.Release|Any CPU.Build.0 = Release|Any CPU
		{9A9A2A51-FD16-4325-8D2D-5084111D92E2}.Debug|Any CPU.ActiveCfg = Debug|Any CPU
		{9A9A2A51-FD16-4325-8D2D-5084111D92E2}.Debug|Any CPU.Build.0 = Debug|Any CPU
		{9A9A2A51-FD16-4325-8D2D-5084111D92E2}.Release|Any CPU.ActiveCfg = Release|Any CPU
		{9A9A2A51-FD16-4325-8D2D-5084111D92E2}.Release|Any CPU.Build.0 = Release|Any CPU
	EndGlobalSection
	GlobalSection(SolutionProperties) = preSolution
		HideSolutionNode = FALSE
	EndGlobalSection
EndGlobal
